
Microsoft Visual Studio Solution File, Format Version 12.00
# Visual Studio Version 16
VisualStudioVersion = 16.0.31005.135
MinimumVisualStudioVersion = 10.0.40219.1
Project("{FAE04EC0-301F-11D3-BF4B-00C04F79EFBC}") = "UserMaintenance", "UserMaintenance\UserMaintenance.csproj", "{527CEE48-BB7A-43E2-B878-1817EE0BE395}"
EndProject
Project("{FAE04EC0-301F-11D3-BF4B-00C04F79EFBC}") = "4.gyak", "4.gyak\4.gyak.csproj", "{D1664F46-6774-4095-B8ED-AB78EBC02B9B}"
EndProject
Project("{FAE04EC0-301F-11D3-BF4B-00C04F79EFBC}") = "5.gyak", "5.gyak\5.gyak.csproj", "{617A630C-3A8D-465E-B3EF-6BDAA4457993}"
EndProject
Project("{FAE04EC0-301F-11D3-BF4B-00C04F79EFBC}") = "6.gyak", "6.gyak\6.gyak.csproj", "{F61EDA8D-2661-4941-ADF4-5D75192E1BF2}"
EndProject
Project("{FAE04EC0-301F-11D3-BF4B-00C04F79EFBC}") = "8.gyak", "8.gyak\8.gyak.csproj", "{4A094BA7-1AE4-4CCF-9E43-0CE63B14BC6F}"
EndProject
Project("{FAE04EC0-301F-11D3-BF4B-00C04F79EFBC}") = "9.gyak", "9.gyak\9.gyak.csproj", "{40D3BA21-2117-43D2-895E-84ED1FE2A1A8}"
EndProject
Global
	GlobalSection(SolutionConfigurationPlatforms) = preSolution
		Debug|Any CPU = Debug|Any CPU
		Release|Any CPU = Release|Any CPU
	EndGlobalSection
	GlobalSection(ProjectConfigurationPlatforms) = postSolution
		{527CEE48-BB7A-43E2-B878-1817EE0BE395}.Debug|Any CPU.ActiveCfg = Debug|Any CPU
		{527CEE48-BB7A-43E2-B878-1817EE0BE395}.Debug|Any CPU.Build.0 = Debug|Any CPU
		{527CEE48-BB7A-43E2-B878-1817EE0BE395}.Release|Any CPU.ActiveCfg = Release|Any CPU
		{527CEE48-BB7A-43E2-B878-1817EE0BE395}.Release|Any CPU.Build.0 = Release|Any CPU
		{D1664F46-6774-4095-B8ED-AB78EBC02B9B}.Debug|Any CPU.ActiveCfg = Debug|Any CPU
		{D1664F46-6774-4095-B8ED-AB78EBC02B9B}.Debug|Any CPU.Build.0 = Debug|Any CPU
		{D1664F46-6774-4095-B8ED-AB78EBC02B9B}.Release|Any CPU.ActiveCfg = Release|Any CPU
		{D1664F46-6774-4095-B8ED-AB78EBC02B9B}.Release|Any CPU.Build.0 = Release|Any CPU
		{617A630C-3A8D-465E-B3EF-6BDAA4457993}.Debug|Any CPU.ActiveCfg = Debug|Any CPU
		{617A630C-3A8D-465E-B3EF-6BDAA4457993}.Debug|Any CPU.Build.0 = Debug|Any CPU
		{617A630C-3A8D-465E-B3EF-6BDAA4457993}.Release|Any CPU.ActiveCfg = Release|Any CPU
		{617A630C-3A8D-465E-B3EF-6BDAA4457993}.Release|Any CPU.Build.0 = Release|Any CPU
		{F61EDA8D-2661-4941-ADF4-5D75192E1BF2}.Debug|Any CPU.ActiveCfg = Debug|Any CPU
		{F61EDA8D-2661-4941-ADF4-5D75192E1BF2}.Debug|Any CPU.Build.0 = Debug|Any CPU
		{F61EDA8D-2661-4941-ADF4-5D75192E1BF2}.Release|Any CPU.ActiveCfg = Release|Any CPU
		{F61EDA8D-2661-4941-ADF4-5D75192E1BF2}.Release|Any CPU.Build.0 = Release|Any CPU
		{4A094BA7-1AE4-4CCF-9E43-0CE63B14BC6F}.Debug|Any CPU.ActiveCfg = Debug|Any CPU
		{4A094BA7-1AE4-4CCF-9E43-0CE63B14BC6F}.Debug|Any CPU.Build.0 = Debug|Any CPU
		{4A094BA7-1AE4-4CCF-9E43-0CE63B14BC6F}.Release|Any CPU.ActiveCfg = Release|Any CPU
		{4A094BA7-1AE4-4CCF-9E43-0CE63B14BC6F}.Release|Any CPU.Build.0 = Release|Any CPU
		{40D3BA21-2117-43D2-895E-84ED1FE2A1A8}.Debug|Any CPU.ActiveCfg = Debug|Any CPU
		{40D3BA21-2117-43D2-895E-84ED1FE2A1A8}.Debug|Any CPU.Build.0 = Debug|Any CPU
		{40D3BA21-2117-43D2-895E-84ED1FE2A1A8}.Release|Any CPU.ActiveCfg = Release|Any CPU
		{40D3BA21-2117-43D2-895E-84ED1FE2A1A8}.Release|Any CPU.Build.0 = Release|Any CPU
	EndGlobalSection
	GlobalSection(SolutionProperties) = preSolution
		HideSolutionNode = FALSE
	EndGlobalSection
	GlobalSection(ExtensibilityGlobals) = postSolution
		SolutionGuid = {5FD45A00-9BF1-4CC6-A19F-53BB9700BF22}
	EndGlobalSection
EndGlobal
