
Microsoft Visual Studio Solution File, Format Version 12.00
# Visual Studio Version 16
VisualStudioVersion = 16.0.31005.135
MinimumVisualStudioVersion = 10.0.40219.1
Project("{FAE04EC0-301F-11D3-BF4B-00C04F79EFBC}") = "UserMaintenance", "UserMaintenance\UserMaintenance.csproj", "{527CEE48-BB7A-43E2-B878-1817EE0BE395}"
EndProject
Global
	GlobalSection(SolutionConfigurationPlatforms) = preSolution
		Debug|Any CPU = Debug|Any CPU
		Release|Any CPU = Release|Any CPU
	EndGlobalSection
	GlobalSection(ProjectConfigurationPlatforms) = postSolution
		{527CEE48-BB7A-43E2-B878-1817EE0BE395}.Debug|Any CPU.ActiveCfg = Debug|Any CPU
		{527CEE48-BB7A-43E2-B878-1817EE0BE395}.Debug|Any CPU.Build.0 = Debug|Any CPU
		{527CEE48-BB7A-43E2-B878-1817EE0BE395}.Release|Any CPU.ActiveCfg = Release|Any CPU
		{527CEE48-BB7A-43E2-B878-1817EE0BE395}.Release|Any CPU.Build.0 = Release|Any CPU
	EndGlobalSection
	GlobalSection(SolutionProperties) = preSolution
		HideSolutionNode = FALSE
	EndGlobalSection
	GlobalSection(ExtensibilityGlobals) = postSolution
		SolutionGuid = {5FD45A00-9BF1-4CC6-A19F-53BB9700BF22}
	EndGlobalSection
EndGlobal
